
Microsoft Visual Studio Solution File, Format Version 12.00
# Visual Studio Version 16
VisualStudioVersion = 16.0.30503.244
MinimumVisualStudioVersion = 10.0.40219.1
Project("{9A19103F-16F7-4668-BE54-9A1E7A4F7556}") = "PudelkoApp", "PudelkoApp\PudelkoApp.csproj", "{A16B2916-8F79-4A63-98EA-853AEF5ABC4C}"
EndProject
Project("{9A19103F-16F7-4668-BE54-9A1E7A4F7556}") = "UnitTestPudelko", "UnitTestPudelko\UnitTestPudelko.csproj", "{FD10ED87-CF62-4AEE-BA9B-530C8090AE43}"
EndProject
Project("{9A19103F-16F7-4668-BE54-9A1E7A4F7556}") = "PudelkoLibrary", "PudelkoLib\PudelkoLibrary.csproj", "{5A3C395B-A9A9-4ECE-87BF-F8ADD3789B3C}"
EndProject
Global
	GlobalSection(SolutionConfigurationPlatforms) = preSolution
		Debug|Any CPU = Debug|Any CPU
		Release|Any CPU = Release|Any CPU
	EndGlobalSection
	GlobalSection(ProjectConfigurationPlatforms) = postSolution
		{A16B2916-8F79-4A63-98EA-853AEF5ABC4C}.Debug|Any CPU.ActiveCfg = Debug|Any CPU
		{A16B2916-8F79-4A63-98EA-853AEF5ABC4C}.Debug|Any CPU.Build.0 = Debug|Any CPU
		{A16B2916-8F79-4A63-98EA-853AEF5ABC4C}.Release|Any CPU.ActiveCfg = Release|Any CPU
		{A16B2916-8F79-4A63-98EA-853AEF5ABC4C}.Release|Any CPU.Build.0 = Release|Any CPU
		{FD10ED87-CF62-4AEE-BA9B-530C8090AE43}.Debug|Any CPU.ActiveCfg = Debug|Any CPU
		{FD10ED87-CF62-4AEE-BA9B-530C8090AE43}.Debug|Any CPU.Build.0 = Debug|Any CPU
		{FD10ED87-CF62-4AEE-BA9B-530C8090AE43}.Release|Any CPU.ActiveCfg = Release|Any CPU
		{FD10ED87-CF62-4AEE-BA9B-530C8090AE43}.Release|Any CPU.Build.0 = Release|Any CPU
		{5A3C395B-A9A9-4ECE-87BF-F8ADD3789B3C}.Debug|Any CPU.ActiveCfg = Debug|Any CPU
		{5A3C395B-A9A9-4ECE-87BF-F8ADD3789B3C}.Debug|Any CPU.Build.0 = Debug|Any CPU
		{5A3C395B-A9A9-4ECE-87BF-F8ADD3789B3C}.Release|Any CPU.ActiveCfg = Release|Any CPU
		{5A3C395B-A9A9-4ECE-87BF-F8ADD3789B3C}.Release|Any CPU.Build.0 = Release|Any CPU
	EndGlobalSection
	GlobalSection(SolutionProperties) = preSolution
		HideSolutionNode = FALSE
	EndGlobalSection
	GlobalSection(ExtensibilityGlobals) = postSolution
		SolutionGuid = {11AB4F08-6BE5-402E-A8BF-9126446C1B40}
	EndGlobalSection
EndGlobal
